{
  "name": "final-api",
  "version": "1.0.0",
  "lockfileVersion": 1,
  "requires": true,
  "dependencies": {
    "phin": {
      "version": "2.9.3",
      "resolved": "https://registry.npmjs.org/phin/-/phin-2.9.3.tgz",
      "integrity": "sha512-CzFr90qM24ju5f88quFC/6qohjC144rehe5n6DH900lgXmUe86+xCKc10ev56gRKC4/BkHUoG4uSiQgBiIXwDA=="
    },
    "vaxic": {
      "version": "2.3.7",
      "resolved": "https://registry.npmjs.org/vaxic/-/vaxic-2.3.7.tgz",
      "integrity": "sha512-ZJulRWwH9qBeILiUIcXcACif2RDaSoKT1tduYsrBxBQG0t6HOSou2qaDSM6Y2xhk8Z0gZLkCviVAaQXK/ngNAg==",
      "requires": {
        "phin": "^2.9.0"
      }
    }
  }
}
